{
  "name": "hapi-app",
  "version": "1.0.0",
  "lockfileVersion": 2,
  "requires": true,
  "packages": {
    "": {
      "name": "hapi-app",
      "version": "1.0.0",
      "license": "ISC",
      "dependencies": {
        "@hapi/hapi": "^20.2.2",
        "@hapi/vision": "^6.1.0",
        "ejs": "^3.1.7"
      }
    },
    "node_modules/@hapi/accept": {
      "version": "5.0.2",
      "resolved": "https://registry.npmjs.org/@hapi/accept/-/accept-5.0.2.tgz",
      "integrity": "sha512-CmzBx/bXUR8451fnZRuZAJRlzgm0Jgu5dltTX/bszmR2lheb9BpyN47Q1RbaGTsvFzn0PXAEs+lXDKfshccYZw==",
      "dependencies": {
        "@hapi/boom": "9.x.x",
        "@hapi/hoek": "9.x.x"
      }
    },
    "node_modules/@hapi/ammo": {
      "version": "5.0.1",
      "resolved": "https://registry.npmjs.org/@hapi/ammo/-/ammo-5.0.1.tgz",
      "integrity": "sha512-FbCNwcTbnQP4VYYhLNGZmA76xb2aHg9AMPiy18NZyWMG310P5KdFGyA9v2rm5ujrIny77dEEIkMOwl0Xv+fSSA==",
      "dependencies": {
        "@hapi/hoek": "9.x.x"
      }
    },
    "node_modules/@hapi/b64": {
      "version": "5.0.0",
      "resolved": "https://registry.npmjs.org/@hapi/b64/-/b64-5.0.0.tgz",
      "integrity": "sha512-ngu0tSEmrezoiIaNGG6rRvKOUkUuDdf4XTPnONHGYfSGRmDqPZX5oJL6HAdKTo1UQHECbdB4OzhWrfgVppjHUw==",
      "dependencies": {
        "@hapi/hoek": "9.x.x"
      }
    },
    "node_modules/@hapi/boom": {
      "version": "9.1.4",
      "resolved": "https://registry.npmjs.org/@hapi/boom/-/boom-9.1.4.tgz",
      "integrity": "sha512-Ls1oH8jaN1vNsqcaHVYJrKmgMcKsC1wcp8bujvXrHaAqD2iDYq3HoOwsxwo09Cuda5R5nC0o0IxlrlTuvPuzSw==",
      "dependencies": {
        "@hapi/hoek": "9.x.x"
      }
    },
    "node_modules/@hapi/bounce": {
      "version": "2.0.0",
      "resolved": "https://registry.npmjs.org/@hapi/bounce/-/bounce-2.0.0.tgz",
      "integrity": "sha512-JesW92uyzOOyuzJKjoLHM1ThiOvHPOLDHw01YV8yh5nCso7sDwJho1h0Ad2N+E62bZyz46TG3xhAi/78Gsct6A==",
      "dependencies": {
        "@hapi/boom": "9.x.x",
        "@hapi/hoek": "9.x.x"
      }
    },
    "node_modules/@hapi/bourne": {
      "version": "2.1.0",
      "resolved": "https://registry.npmjs.org/@hapi/bourne/-/bourne-2.1.0.tgz",
      "integrity": "sha512-i1BpaNDVLJdRBEKeJWkVO6tYX6DMFBuwMhSuWqLsY4ufeTKGVuV5rBsUhxPayXqnnWHgXUAmWK16H/ykO5Wj4Q=="
    },
    "node_modules/@hapi/call": {
      "version": "8.0.1",
      "resolved": "https://registry.npmjs.org/@hapi/call/-/call-8.0.1.tgz",
      "integrity": "sha512-bOff6GTdOnoe5b8oXRV3lwkQSb/LAWylvDMae6RgEWWntd0SHtkYbQukDHKlfaYtVnSAgIavJ0kqszF/AIBb6g==",
      "dependencies": {
        "@hapi/boom": "9.x.x",
        "@hapi/hoek": "9.x.x"
      }
    },
    "node_modules/@hapi/catbox": {
      "version": "11.1.1",
      "resolved": "https://registry.npmjs.org/@hapi/catbox/-/catbox-11.1.1.tgz",
      "integrity": "sha512-u/8HvB7dD/6X8hsZIpskSDo4yMKpHxFd7NluoylhGrL6cUfYxdQPnvUp9YU2C6F9hsyBVLGulBd9vBN1ebfXOQ==",
      "dependencies": {
        "@hapi/boom": "9.x.x",
        "@hapi/hoek": "9.x.x",
        "@hapi/podium": "4.x.x",
        "@hapi/validate": "1.x.x"
      }
    },
    "node_modules/@hapi/catbox-memory": {
      "version": "5.0.1",
      "resolved": "https://registry.npmjs.org/@hapi/catbox-memory/-/catbox-memory-5.0.1.tgz",
      "integrity": "sha512-QWw9nOYJq5PlvChLWV8i6hQHJYfvdqiXdvTupJFh0eqLZ64Xir7mKNi96d5/ZMUAqXPursfNDIDxjFgoEDUqeQ==",
      "dependencies": {
        "@hapi/boom": "9.x.x",
        "@hapi/hoek": "9.x.x"
      }
    },
    "node_modules/@hapi/content": {
      "version": "5.0.2",
      "resolved": "https://registry.npmjs.org/@hapi/content/-/content-5.0.2.tgz",
      "integrity": "sha512-mre4dl1ygd4ZyOH3tiYBrOUBzV7Pu/EOs8VLGf58vtOEECWed8Uuw6B4iR9AN/8uQt42tB04qpVaMyoMQh0oMw==",
      "dependencies": {
        "@hapi/boom": "9.x.x"
      }
    },
    "node_modules/@hapi/cryptiles": {
      "version": "5.1.0",
      "resolved": "https://registry.npmjs.org/@hapi/cryptiles/-/cryptiles-5.1.0.tgz",
      "integrity": "sha512-fo9+d1Ba5/FIoMySfMqPBR/7Pa29J2RsiPrl7bkwo5W5o+AN1dAYQRi4SPrPwwVxVGKjgLOEWrsvt1BonJSfLA==",
      "dependencies": {
        "@hapi/boom": "9.x.x"
      },
      "engines": {
        "node": ">=12.0.0"
      }
    },
    "node_modules/@hapi/file": {
      "version": "2.0.0",
      "resolved": "https://registry.npmjs.org/@hapi/file/-/file-2.0.0.tgz",
      "integrity": "sha512-WSrlgpvEqgPWkI18kkGELEZfXr0bYLtr16iIN4Krh9sRnzBZN6nnWxHFxtsnP684wueEySBbXPDg/WfA9xJdBQ=="
    },
    "node_modules/@hapi/hapi": {
      "version": "20.2.2",
      "resolved": "https://registry.npmjs.org/@hapi/hapi/-/hapi-20.2.2.tgz",
      "integrity": "sha512-crhU6TIKt7QsksWLYctDBAXogk9PYAm7UzdpETyuBHC2pCa6/+B5NykiOVLG/3FCIgHo/raPVtan8bYtByHORQ==",
      "dependencies": {
        "@hapi/accept": "^5.0.1",
        "@hapi/ammo": "^5.0.1",
        "@hapi/boom": "^9.1.0",
        "@hapi/bounce": "^2.0.0",
        "@hapi/call": "^8.0.0",
        "@hapi/catbox": "^11.1.1",
        "@hapi/catbox-memory": "^5.0.0",
        "@hapi/heavy": "^7.0.1",
        "@hapi/hoek": "^9.0.4",
        "@hapi/mimos": "^6.0.0",
        "@hapi/podium": "^4.1.1",
        "@hapi/shot": "^5.0.5",
        "@hapi/somever": "^3.0.0",
        "@hapi/statehood": "^7.0.4",
        "@hapi/subtext": "^7.0.3",
        "@hapi/teamwork": "^5.1.1",
        "@hapi/topo": "^5.0.0",
        "@hapi/validate": "^1.1.1"
      },
      "engines": {
        "node": ">=12.0.0"
      }
    },
    "node_modules/@hapi/heavy": {
      "version": "7.0.1",
      "resolved": "https://registry.npmjs.org/@hapi/heavy/-/heavy-7.0.1.tgz",
      "integrity": "sha512-vJ/vzRQ13MtRzz6Qd4zRHWS3FaUc/5uivV2TIuExGTM9Qk+7Zzqj0e2G7EpE6KztO9SalTbiIkTh7qFKj/33cA==",
      "dependencies": {
        "@hapi/boom": "9.x.x",
        "@hapi/hoek": "9.x.x",
        "@hapi/validate": "1.x.x"
      }
    },
    "node_modules/@hapi/hoek": {
      "version": "9.3.0",
      "resolved": "https://registry.npmjs.org/@hapi/hoek/-/hoek-9.3.0.tgz",
      "integrity": "sha512-/c6rf4UJlmHlC9b5BaNvzAcFv7HZ2QHaV0D4/HNlBdvFnvQq8RI4kYdhyPCl7Xj+oWvTWQ8ujhqS53LIgAe6KQ=="
    },
    "node_modules/@hapi/iron": {
      "version": "6.0.0",
      "resolved": "https://registry.npmjs.org/@hapi/iron/-/iron-6.0.0.tgz",
      "integrity": "sha512-zvGvWDufiTGpTJPG1Y/McN8UqWBu0k/xs/7l++HVU535NLHXsHhy54cfEMdW7EjwKfbBfM9Xy25FmTiobb7Hvw==",
      "dependencies": {
        "@hapi/b64": "5.x.x",
        "@hapi/boom": "9.x.x",
        "@hapi/bourne": "2.x.x",
        "@hapi/cryptiles": "5.x.x",
        "@hapi/hoek": "9.x.x"
      }
    },
    "node_modules/@hapi/mimos": {
      "version": "6.0.0",
      "resolved": "https://registry.npmjs.org/@hapi/mimos/-/mimos-6.0.0.tgz",
      "integrity": "sha512-Op/67tr1I+JafN3R3XN5DucVSxKRT/Tc+tUszDwENoNpolxeXkhrJ2Czt6B6AAqrespHoivhgZBWYSuANN9QXg==",
      "dependencies": {
        "@hapi/hoek": "9.x.x",
        "mime-db": "1.x.x"
      }
    },
    "node_modules/@hapi/nigel": {
      "version": "4.0.2",
      "resolved": "https://registry.npmjs.org/@hapi/nigel/-/nigel-4.0.2.tgz",
      "integrity": "sha512-ht2KoEsDW22BxQOEkLEJaqfpoKPXxi7tvabXy7B/77eFtOyG5ZEstfZwxHQcqAiZhp58Ae5vkhEqI03kawkYNw==",
      "dependencies": {
        "@hapi/hoek": "^9.0.4",
        "@hapi/vise": "^4.0.0"
      },
      "engines": {
        "node": ">=12.0.0"
      }
    },
    "node_modules/@hapi/pez": {
      "version": "5.0.3",
      "resolved": "https://registry.npmjs.org/@hapi/pez/-/pez-5.0.3.tgz",
      "integrity": "sha512-mpikYRJjtrbJgdDHG/H9ySqYqwJ+QU/D7FXsYciS9P7NYBXE2ayKDAy3H0ou6CohOCaxPuTV4SZ0D936+VomHA==",
      "dependencies": {
        "@hapi/b64": "5.x.x",
        "@hapi/boom": "9.x.x",
        "@hapi/content": "^5.0.2",
        "@hapi/hoek": "9.x.x",
        "@hapi/nigel": "4.x.x"
      }
    },
    "node_modules/@hapi/podium": {
      "version": "4.1.3",
      "resolved": "https://registry.npmjs.org/@hapi/podium/-/podium-4.1.3.tgz",
      "integrity": "sha512-ljsKGQzLkFqnQxE7qeanvgGj4dejnciErYd30dbrYzUOF/FyS/DOF97qcrT3bhoVwCYmxa6PEMhxfCPlnUcD2g==",
      "dependencies": {
        "@hapi/hoek": "9.x.x",
        "@hapi/teamwork": "5.x.x",
        "@hapi/validate": "1.x.x"
      }
    },
    "node_modules/@hapi/shot": {
      "version": "5.0.5",
      "resolved": "https://registry.npmjs.org/@hapi/shot/-/shot-5.0.5.tgz",
      "integrity": "sha512-x5AMSZ5+j+Paa8KdfCoKh+klB78otxF+vcJR/IoN91Vo2e5ulXIW6HUsFTCU+4W6P/Etaip9nmdAx2zWDimB2A==",
      "dependencies": {
        "@hapi/hoek": "9.x.x",
        "@hapi/validate": "1.x.x"
      }
    },
    "node_modules/@hapi/somever": {
      "version": "3.0.1",
      "resolved": "https://registry.npmjs.org/@hapi/somever/-/somever-3.0.1.tgz",
      "integrity": "sha512-4ZTSN3YAHtgpY/M4GOtHUXgi6uZtG9nEZfNI6QrArhK0XN/RDVgijlb9kOmXwCR5VclDSkBul9FBvhSuKXx9+w==",
      "dependencies": {
        "@hapi/bounce": "2.x.x",
        "@hapi/hoek": "9.x.x"
      }
    },
    "node_modules/@hapi/statehood": {
      "version": "7.0.4",
      "resolved": "https://registry.npmjs.org/@hapi/statehood/-/statehood-7.0.4.tgz",
      "integrity": "sha512-Fia6atroOVmc5+2bNOxF6Zv9vpbNAjEXNcUbWXavDqhnJDlchwUUwKS5LCi5mGtCTxRhUKKHwuxuBZJkmLZ7fw==",
      "dependencies": {
        "@hapi/boom": "9.x.x",
        "@hapi/bounce": "2.x.x",
        "@hapi/bourne": "2.x.x",
        "@hapi/cryptiles": "5.x.x",
        "@hapi/hoek": "9.x.x",
        "@hapi/iron": "6.x.x",
        "@hapi/validate": "1.x.x"
      }
    },
    "node_modules/@hapi/subtext": {
      "version": "7.0.3",
      "resolved": "https://registry.npmjs.org/@hapi/subtext/-/subtext-7.0.3.tgz",
      "integrity": "sha512-CekDizZkDGERJ01C0+TzHlKtqdXZxzSWTOaH6THBrbOHnsr3GY+yiMZC+AfNCypfE17RaIakGIAbpL2Tk1z2+A==",
      "dependencies": {
        "@hapi/boom": "9.x.x",
        "@hapi/bourne": "2.x.x",
        "@hapi/content": "^5.0.2",
        "@hapi/file": "2.x.x",
        "@hapi/hoek": "9.x.x",
        "@hapi/pez": "^5.0.1",
        "@hapi/wreck": "17.x.x"
      }
    },
    "node_modules/@hapi/teamwork": {
      "version": "5.1.1",
      "resolved": "https://registry.npmjs.org/@hapi/teamwork/-/teamwork-5.1.1.tgz",
      "integrity": "sha512-1oPx9AE5TIv+V6Ih54RP9lTZBso3rP8j4Xhb6iSVwPXtAM+sDopl5TFMv5Paw73UnpZJ9gjcrTE1BXrWt9eQrg==",
      "engines": {
        "node": ">=12.0.0"
      }
    },
    "node_modules/@hapi/topo": {
      "version": "5.1.0",
      "resolved": "https://registry.npmjs.org/@hapi/topo/-/topo-5.1.0.tgz",
      "integrity": "sha512-foQZKJig7Ob0BMAYBfcJk8d77QtOe7Wo4ox7ff1lQYoNNAb6jwcY1ncdoy2e9wQZzvNy7ODZCYJkK8kzmcAnAg==",
      "dependencies": {
        "@hapi/hoek": "^9.0.0"
      }
    },
    "node_modules/@hapi/validate": {
      "version": "1.1.3",
      "resolved": "https://registry.npmjs.org/@hapi/validate/-/validate-1.1.3.tgz",
      "integrity": "sha512-/XMR0N0wjw0Twzq2pQOzPBZlDzkekGcoCtzO314BpIEsbXdYGthQUbxgkGDf4nhk1+IPDAsXqWjMohRQYO06UA==",
      "dependencies": {
        "@hapi/hoek": "^9.0.0",
        "@hapi/topo": "^5.0.0"
      }
    },
    "node_modules/@hapi/vise": {
      "version": "4.0.0",
      "resolved": "https://registry.npmjs.org/@hapi/vise/-/vise-4.0.0.tgz",
      "integrity": "sha512-eYyLkuUiFZTer59h+SGy7hUm+qE9p+UemePTHLlIWppEd+wExn3Df5jO04bFQTm7nleF5V8CtuYQYb+VFpZ6Sg==",
      "dependencies": {
        "@hapi/hoek": "9.x.x"
      }
    },
    "node_modules/@hapi/vision": {
      "version": "6.1.0",
      "resolved": "https://registry.npmjs.org/@hapi/vision/-/vision-6.1.0.tgz",
      "integrity": "sha512-ll0zJ13xDxCYIWvC1aq/8srK0bTXfqZYGT+YoTi/fS42gYYJ3dnvmS35r8T8XXtJ6F6cmya8G2cRlMR/z11LQw==",
      "dependencies": {
        "@hapi/boom": "9.x.x",
        "@hapi/bounce": "2.x.x",
        "@hapi/hoek": "9.x.x",
        "@hapi/validate": "1.x.x"
      }
    },
    "node_modules/@hapi/wreck": {
      "version": "17.2.0",
      "resolved": "https://registry.npmjs.org/@hapi/wreck/-/wreck-17.2.0.tgz",
      "integrity": "sha512-pJ5kjYoRPYDv+eIuiLQqhGon341fr2bNIYZjuotuPJG/3Ilzr/XtI+JAp0A86E2bYfsS3zBPABuS2ICkaXFT8g==",
      "dependencies": {
        "@hapi/boom": "9.x.x",
        "@hapi/bourne": "2.x.x",
        "@hapi/hoek": "9.x.x"
      }
    },
    "node_modules/ansi-styles": {
      "version": "4.3.0",
      "resolved": "https://registry.npmjs.org/ansi-styles/-/ansi-styles-4.3.0.tgz",
      "integrity": "sha512-zbB9rCJAT1rbjiVDb2hqKFHNYLxgtk8NURxZ3IZwD3F6NtxbXZQCnnSi1Lkx+IDohdPlFp222wVALIheZJQSEg==",
      "dependencies": {
        "color-convert": "^2.0.1"
      },
      "engines": {
        "node": ">=8"
      },
      "funding": {
        "url": "https://github.com/chalk/ansi-styles?sponsor=1"
      }
    },
    "node_modules/async": {
      "version": "3.2.3",
      "resolved": "https://registry.npmjs.org/async/-/async-3.2.3.tgz",
      "integrity": "sha512-spZRyzKL5l5BZQrr/6m/SqFdBN0q3OCI0f9rjfBzCMBIP4p75P620rR3gTmaksNOhmzgdxcaxdNfMy6anrbM0g=="
    },
    "node_modules/balanced-match": {
      "version": "1.0.2",
      "resolved": "https://registry.npmjs.org/balanced-match/-/balanced-match-1.0.2.tgz",
      "integrity": "sha512-3oSeUO0TMV67hN1AmbXsK4yaqU7tjiHlbxRDZOpH0KW9+CeX4bRAaX0Anxt0tx2MrpRpWwQaPwIlISEJhYU5Pw=="
    },
    "node_modules/brace-expansion": {
      "version": "1.1.11",
      "resolved": "https://registry.npmjs.org/brace-expansion/-/brace-expansion-1.1.11.tgz",
      "integrity": "sha512-iCuPHDFgrHX7H2vEI/5xpz07zSHB00TpugqhmYtVmMO6518mCuRMoOYFldEBl0g187ufozdaHgWKcYFb61qGiA==",
      "dependencies": {
        "balanced-match": "^1.0.0",
        "concat-map": "0.0.1"
      }
    },
    "node_modules/chalk": {
      "version": "4.1.2",
      "resolved": "https://registry.npmjs.org/chalk/-/chalk-4.1.2.tgz",
      "integrity": "sha512-oKnbhFyRIXpUuez8iBMmyEa4nbj4IOQyuhc/wy9kY7/WVPcwIO9VA668Pu8RkO7+0G76SLROeyw9CpQ061i4mA==",
      "dependencies": {
        "ansi-styles": "^4.1.0",
        "supports-color": "^7.1.0"
      },
      "engines": {
        "node": ">=10"
      },
      "funding": {
        "url": "https://github.com/chalk/chalk?sponsor=1"
      }
    },
    "node_modules/color-convert": {
      "version": "2.0.1",
      "resolved": "https://registry.npmjs.org/color-convert/-/color-convert-2.0.1.tgz",
      "integrity": "sha512-RRECPsj7iu/xb5oKYcsFHSppFNnsj/52OVTRKb4zP5onXwVF3zVmmToNcOfGC+CRDpfK/U584fMg38ZHCaElKQ==",
      "dependencies": {
        "color-name": "~1.1.4"
      },
      "engines": {
        "node": ">=7.0.0"
      }
    },
    "node_modules/color-name": {
      "version": "1.1.4",
      "resolved": "https://registry.npmjs.org/color-name/-/color-name-1.1.4.tgz",
      "integrity": "sha512-dOy+3AuW3a2wNbZHIuMZpTcgjGuLU/uBL/ubcZF9OXbDo8ff4O8yVp5Bf0efS8uEoYo5q4Fx7dY9OgQGXgAsQA=="
    },
    "node_modules/concat-map": {
      "version": "0.0.1",
      "resolved": "https://registry.npmjs.org/concat-map/-/concat-map-0.0.1.tgz",
      "integrity": "sha1-2Klr13/Wjfd5OnMDajug1UBdR3s="
    },
    "node_modules/ejs": {
      "version": "3.1.7",
      "resolved": "https://registry.npmjs.org/ejs/-/ejs-3.1.7.tgz",
      "integrity": "sha512-BIar7R6abbUxDA3bfXrO4DSgwo8I+fB5/1zgujl3HLLjwd6+9iOnrT+t3grn2qbk9vOgBubXOFwX2m9axoFaGw==",
      "dependencies": {
        "jake": "^10.8.5"
      },
      "bin": {
        "ejs": "bin/cli.js"
      },
      "engines": {
        "node": ">=0.10.0"
      }
    },
    "node_modules/filelist": {
      "version": "1.0.3",
      "resolved": "https://registry.npmjs.org/filelist/-/filelist-1.0.3.tgz",
      "integrity": "sha512-LwjCsruLWQULGYKy7TX0OPtrL9kLpojOFKc5VCTxdFTV7w5zbsgqVKfnkKG7Qgjtq50gKfO56hJv88OfcGb70Q==",
      "dependencies": {
        "minimatch": "^5.0.1"
      }
    },
    "node_modules/filelist/node_modules/brace-expansion": {
      "version": "2.0.1",
      "resolved": "https://registry.npmjs.org/brace-expansion/-/brace-expansion-2.0.1.tgz",
      "integrity": "sha512-XnAIvQ8eM+kC6aULx6wuQiwVsnzsi9d3WxzV3FpWTGA19F621kwdbsAcFKXgKUHZWsy+mY6iL1sHTxWEFCytDA==",
      "dependencies": {
        "balanced-match": "^1.0.0"
      }
    },
    "node_modules/filelist/node_modules/minimatch": {
      "version": "5.0.1",
      "resolved": "https://registry.npmjs.org/minimatch/-/minimatch-5.0.1.tgz",
      "integrity": "sha512-nLDxIFRyhDblz3qMuq+SoRZED4+miJ/G+tdDrjkkkRnjAsBexeGpgjLEQ0blJy7rHhR2b93rhQY4SvyWu9v03g==",
      "dependencies": {
        "brace-expansion": "^2.0.1"
      },
      "engines": {
        "node": ">=10"
      }
    },
    "node_modules/has-flag": {
      "version": "4.0.0",
      "resolved": "https://registry.npmjs.org/has-flag/-/has-flag-4.0.0.tgz",
      "integrity": "sha512-EykJT/Q1KjTWctppgIAgfSO0tKVuZUjhgMr17kqTumMl6Afv3EISleU7qZUzoXDFTAHTDC4NOoG/ZxU3EvlMPQ==",
      "engines": {
        "node": ">=8"
      }
    },
    "node_modules/jake": {
      "version": "10.8.5",
      "resolved": "https://registry.npmjs.org/jake/-/jake-10.8.5.tgz",
      "integrity": "sha512-sVpxYeuAhWt0OTWITwT98oyV0GsXyMlXCF+3L1SuafBVUIr/uILGRB+NqwkzhgXKvoJpDIpQvqkUALgdmQsQxw==",
      "dependencies": {
        "async": "^3.2.3",
        "chalk": "^4.0.2",
        "filelist": "^1.0.1",
        "minimatch": "^3.0.4"
      },
      "bin": {
        "jake": "bin/cli.js"
      },
      "engines": {
        "node": ">=10"
      }
    },
    "node_modules/mime-db": {
      "version": "1.52.0",
      "resolved": "https://registry.npmjs.org/mime-db/-/mime-db-1.52.0.tgz",
      "integrity": "sha512-sPU4uV7dYlvtWJxwwxHD0PuihVNiE7TyAbQ5SWxDCB9mUYvOgroQOwYQQOKPJ8CIbE+1ETVlOoK1UC2nU3gYvg==",
      "engines": {
        "node": ">= 0.6"
      }
    },
    "node_modules/minimatch": {
      "version": "3.1.2",
      "resolved": "https://registry.npmjs.org/minimatch/-/minimatch-3.1.2.tgz",
      "integrity": "sha512-J7p63hRiAjw1NDEww1W7i37+ByIrOWO5XQQAzZ3VOcL0PNybwpfmV/N05zFAzwQ9USyEcX6t3UO+K5aqBQOIHw==",
      "dependencies": {
        "brace-expansion": "^1.1.7"
      },
      "engines": {
        "node": "*"
      }
    },
    "node_modules/supports-color": {
      "version": "7.2.0",
      "resolved": "https://registry.npmjs.org/supports-color/-/supports-color-7.2.0.tgz",
      "integrity": "sha512-qpCAvRl9stuOHveKsn7HncJRvv501qIacKzQlO/+Lwxc9+0q2wLyv4Dfvt80/DPn2pqOBsJdDiogXGR9+OvwRw==",
      "dependencies": {
        "has-flag": "^4.0.0"
      },
      "engines": {
        "node": ">=8"
      }
    }
  },
  "dependencies": {
    "@hapi/accept": {
      "version": "5.0.2",
      "resolved": "https://registry.npmjs.org/@hapi/accept/-/accept-5.0.2.tgz",
      "integrity": "sha512-CmzBx/bXUR8451fnZRuZAJRlzgm0Jgu5dltTX/bszmR2lheb9BpyN47Q1RbaGTsvFzn0PXAEs+lXDKfshccYZw==",
      "requires": {
        "@hapi/boom": "9.x.x",
        "@hapi/hoek": "9.x.x"
      }
    },
    "@hapi/ammo": {
      "version": "5.0.1",
      "resolved": "https://registry.npmjs.org/@hapi/ammo/-/ammo-5.0.1.tgz",
      "integrity": "sha512-FbCNwcTbnQP4VYYhLNGZmA76xb2aHg9AMPiy18NZyWMG310P5KdFGyA9v2rm5ujrIny77dEEIkMOwl0Xv+fSSA==",
      "requires": {
        "@hapi/hoek": "9.x.x"
      }
    },
    "@hapi/b64": {
      "version": "5.0.0",
      "resolved": "https://registry.npmjs.org/@hapi/b64/-/b64-5.0.0.tgz",
      "integrity": "sha512-ngu0tSEmrezoiIaNGG6rRvKOUkUuDdf4XTPnONHGYfSGRmDqPZX5oJL6HAdKTo1UQHECbdB4OzhWrfgVppjHUw==",
      "requires": {
        "@hapi/hoek": "9.x.x"
      }
    },
    "@hapi/boom": {
      "version": "9.1.4",
      "resolved": "https://registry.npmjs.org/@hapi/boom/-/boom-9.1.4.tgz",
      "integrity": "sha512-Ls1oH8jaN1vNsqcaHVYJrKmgMcKsC1wcp8bujvXrHaAqD2iDYq3HoOwsxwo09Cuda5R5nC0o0IxlrlTuvPuzSw==",
      "requires": {
        "@hapi/hoek": "9.x.x"
      }
    },
    "@hapi/bounce": {
      "version": "2.0.0",
      "resolved": "https://registry.npmjs.org/@hapi/bounce/-/bounce-2.0.0.tgz",
      "integrity": "sha512-JesW92uyzOOyuzJKjoLHM1ThiOvHPOLDHw01YV8yh5nCso7sDwJho1h0Ad2N+E62bZyz46TG3xhAi/78Gsct6A==",
      "requires": {
        "@hapi/boom": "9.x.x",
        "@hapi/hoek": "9.x.x"
      }
    },
    "@hapi/bourne": {
      "version": "2.1.0",
      "resolved": "https://registry.npmjs.org/@hapi/bourne/-/bourne-2.1.0.tgz",
      "integrity": "sha512-i1BpaNDVLJdRBEKeJWkVO6tYX6DMFBuwMhSuWqLsY4ufeTKGVuV5rBsUhxPayXqnnWHgXUAmWK16H/ykO5Wj4Q=="
    },
    "@hapi/call": {
      "version": "8.0.1",
      "resolved": "https://registry.npmjs.org/@hapi/call/-/call-8.0.1.tgz",
      "integrity": "sha512-bOff6GTdOnoe5b8oXRV3lwkQSb/LAWylvDMae6RgEWWntd0SHtkYbQukDHKlfaYtVnSAgIavJ0kqszF/AIBb6g==",
      "requires": {
        "@hapi/boom": "9.x.x",
        "@hapi/hoek": "9.x.x"
      }
    },
    "@hapi/catbox": {
      "version": "11.1.1",
      "resolved": "https://registry.npmjs.org/@hapi/catbox/-/catbox-11.1.1.tgz",
      "integrity": "sha512-u/8HvB7dD/6X8hsZIpskSDo4yMKpHxFd7NluoylhGrL6cUfYxdQPnvUp9YU2C6F9hsyBVLGulBd9vBN1ebfXOQ==",
      "requires": {
        "@hapi/boom": "9.x.x",
        "@hapi/hoek": "9.x.x",
        "@hapi/podium": "4.x.x",
        "@hapi/validate": "1.x.x"
      }
    },
    "@hapi/catbox-memory": {
      "version": "5.0.1",
      "resolved": "https://registry.npmjs.org/@hapi/catbox-memory/-/catbox-memory-5.0.1.tgz",
      "integrity": "sha512-QWw9nOYJq5PlvChLWV8i6hQHJYfvdqiXdvTupJFh0eqLZ64Xir7mKNi96d5/ZMUAqXPursfNDIDxjFgoEDUqeQ==",
      "requires": {
        "@hapi/boom": "9.x.x",
        "@hapi/hoek": "9.x.x"
      }
    },
    "@hapi/content": {
      "version": "5.0.2",
      "resolved": "https://registry.npmjs.org/@hapi/content/-/content-5.0.2.tgz",
      "integrity": "sha512-mre4dl1ygd4ZyOH3tiYBrOUBzV7Pu/EOs8VLGf58vtOEECWed8Uuw6B4iR9AN/8uQt42tB04qpVaMyoMQh0oMw==",
      "requires": {
        "@hapi/boom": "9.x.x"
      }
    },
    "@hapi/cryptiles": {
      "version": "5.1.0",
      "resolved": "https://registry.npmjs.org/@hapi/cryptiles/-/cryptiles-5.1.0.tgz",
      "integrity": "sha512-fo9+d1Ba5/FIoMySfMqPBR/7Pa29J2RsiPrl7bkwo5W5o+AN1dAYQRi4SPrPwwVxVGKjgLOEWrsvt1BonJSfLA==",
      "requires": {
        "@hapi/boom": "9.x.x"
      }
    },
    "@hapi/file": {
      "version": "2.0.0",
      "resolved": "https://registry.npmjs.org/@hapi/file/-/file-2.0.0.tgz",
      "integrity": "sha512-WSrlgpvEqgPWkI18kkGELEZfXr0bYLtr16iIN4Krh9sRnzBZN6nnWxHFxtsnP684wueEySBbXPDg/WfA9xJdBQ=="
    },
    "@hapi/hapi": {
      "version": "20.2.2",
      "resolved": "https://registry.npmjs.org/@hapi/hapi/-/hapi-20.2.2.tgz",
      "integrity": "sha512-crhU6TIKt7QsksWLYctDBAXogk9PYAm7UzdpETyuBHC2pCa6/+B5NykiOVLG/3FCIgHo/raPVtan8bYtByHORQ==",
      "requires": {
        "@hapi/accept": "^5.0.1",
        "@hapi/ammo": "^5.0.1",
        "@hapi/boom": "^9.1.0",
        "@hapi/bounce": "^2.0.0",
        "@hapi/call": "^8.0.0",
        "@hapi/catbox": "^11.1.1",
        "@hapi/catbox-memory": "^5.0.0",
        "@hapi/heavy": "^7.0.1",
        "@hapi/hoek": "^9.0.4",
        "@hapi/mimos": "^6.0.0",
        "@hapi/podium": "^4.1.1",
        "@hapi/shot": "^5.0.5",
        "@hapi/somever": "^3.0.0",
        "@hapi/statehood": "^7.0.4",
        "@hapi/subtext": "^7.0.3",
        "@hapi/teamwork": "^5.1.1",
        "@hapi/topo": "^5.0.0",
        "@hapi/validate": "^1.1.1"
      }
    },
    "@hapi/heavy": {
      "version": "7.0.1",
      "resolved": "https://registry.npmjs.org/@hapi/heavy/-/heavy-7.0.1.tgz",
      "integrity": "sha512-vJ/vzRQ13MtRzz6Qd4zRHWS3FaUc/5uivV2TIuExGTM9Qk+7Zzqj0e2G7EpE6KztO9SalTbiIkTh7qFKj/33cA==",
      "requires": {
        "@hapi/boom": "9.x.x",
        "@hapi/hoek": "9.x.x",
        "@hapi/validate": "1.x.x"
      }
    },
    "@hapi/hoek": {
      "version": "9.3.0",
      "resolved": "https://registry.npmjs.org/@hapi/hoek/-/hoek-9.3.0.tgz",
      "integrity": "sha512-/c6rf4UJlmHlC9b5BaNvzAcFv7HZ2QHaV0D4/HNlBdvFnvQq8RI4kYdhyPCl7Xj+oWvTWQ8ujhqS53LIgAe6KQ=="
    },
    "@hapi/iron": {
      "version": "6.0.0",
      "resolved": "https://registry.npmjs.org/@hapi/iron/-/iron-6.0.0.tgz",
      "integrity": "sha512-zvGvWDufiTGpTJPG1Y/McN8UqWBu0k/xs/7l++HVU535NLHXsHhy54cfEMdW7EjwKfbBfM9Xy25FmTiobb7Hvw==",
      "requires": {
        "@hapi/b64": "5.x.x",
        "@hapi/boom": "9.x.x",
        "@hapi/bourne": "2.x.x",
        "@hapi/cryptiles": "5.x.x",
        "@hapi/hoek": "9.x.x"
      }
    },
    "@hapi/mimos": {
      "version": "6.0.0",
      "resolved": "https://registry.npmjs.org/@hapi/mimos/-/mimos-6.0.0.tgz",
      "integrity": "sha512-Op/67tr1I+JafN3R3XN5DucVSxKRT/Tc+tUszDwENoNpolxeXkhrJ2Czt6B6AAqrespHoivhgZBWYSuANN9QXg==",
      "requires": {
        "@hapi/hoek": "9.x.x",
        "mime-db": "1.x.x"
      }
    },
    "@hapi/nigel": {
      "version": "4.0.2",
      "resolved": "https://registry.npmjs.org/@hapi/nigel/-/nigel-4.0.2.tgz",
      "integrity": "sha512-ht2KoEsDW22BxQOEkLEJaqfpoKPXxi7tvabXy7B/77eFtOyG5ZEstfZwxHQcqAiZhp58Ae5vkhEqI03kawkYNw==",
      "requires": {
        "@hapi/hoek": "^9.0.4",
        "@hapi/vise": "^4.0.0"
      }
    },
    "@hapi/pez": {
      "version": "5.0.3",
      "resolved": "https://registry.npmjs.org/@hapi/pez/-/pez-5.0.3.tgz",
      "integrity": "sha512-mpikYRJjtrbJgdDHG/H9ySqYqwJ+QU/D7FXsYciS9P7NYBXE2ayKDAy3H0ou6CohOCaxPuTV4SZ0D936+VomHA==",
      "requires": {
        "@hapi/b64": "5.x.x",
        "@hapi/boom": "9.x.x",
        "@hapi/content": "^5.0.2",
        "@hapi/hoek": "9.x.x",
        "@hapi/nigel": "4.x.x"
      }
    },
    "@hapi/podium": {
      "version": "4.1.3",
      "resolved": "https://registry.npmjs.org/@hapi/podium/-/podium-4.1.3.tgz",
      "integrity": "sha512-ljsKGQzLkFqnQxE7qeanvgGj4dejnciErYd30dbrYzUOF/FyS/DOF97qcrT3bhoVwCYmxa6PEMhxfCPlnUcD2g==",
      "requires": {
        "@hapi/hoek": "9.x.x",
        "@hapi/teamwork": "5.x.x",
        "@hapi/validate": "1.x.x"
      }
    },
    "@hapi/shot": {
      "version": "5.0.5",
      "resolved": "https://registry.npmjs.org/@hapi/shot/-/shot-5.0.5.tgz",
      "integrity": "sha512-x5AMSZ5+j+Paa8KdfCoKh+klB78otxF+vcJR/IoN91Vo2e5ulXIW6HUsFTCU+4W6P/Etaip9nmdAx2zWDimB2A==",
      "requires": {
        "@hapi/hoek": "9.x.x",
        "@hapi/validate": "1.x.x"
      }
    },
    "@hapi/somever": {
      "version": "3.0.1",
      "resolved": "https://registry.npmjs.org/@hapi/somever/-/somever-3.0.1.tgz",
      "integrity": "sha512-4ZTSN3YAHtgpY/M4GOtHUXgi6uZtG9nEZfNI6QrArhK0XN/RDVgijlb9kOmXwCR5VclDSkBul9FBvhSuKXx9+w==",
      "requires": {
        "@hapi/bounce": "2.x.x",
        "@hapi/hoek": "9.x.x"
      }
    },
    "@hapi/statehood": {
      "version": "7.0.4",
      "resolved": "https://registry.npmjs.org/@hapi/statehood/-/statehood-7.0.4.tgz",
      "integrity": "sha512-Fia6atroOVmc5+2bNOxF6Zv9vpbNAjEXNcUbWXavDqhnJDlchwUUwKS5LCi5mGtCTxRhUKKHwuxuBZJkmLZ7fw==",
      "requires": {
        "@hapi/boom": "9.x.x",
        "@hapi/bounce": "2.x.x",
        "@hapi/bourne": "2.x.x",
        "@hapi/cryptiles": "5.x.x",
        "@hapi/hoek": "9.x.x",
        "@hapi/iron": "6.x.x",
        "@hapi/validate": "1.x.x"
      }
    },
    "@hapi/subtext": {
      "version": "7.0.3",
      "resolved": "https://registry.npmjs.org/@hapi/subtext/-/subtext-7.0.3.tgz",
      "integrity": "sha512-CekDizZkDGERJ01C0+TzHlKtqdXZxzSWTOaH6THBrbOHnsr3GY+yiMZC+AfNCypfE17RaIakGIAbpL2Tk1z2+A==",
      "requires": {
        "@hapi/boom": "9.x.x",
        "@hapi/bourne": "2.x.x",
        "@hapi/content": "^5.0.2",
        "@hapi/file": "2.x.x",
        "@hapi/hoek": "9.x.x",
        "@hapi/pez": "^5.0.1",
        "@hapi/wreck": "17.x.x"
      }
    },
    "@hapi/teamwork": {
      "version": "5.1.1",
      "resolved": "https://registry.npmjs.org/@hapi/teamwork/-/teamwork-5.1.1.tgz",
      "integrity": "sha512-1oPx9AE5TIv+V6Ih54RP9lTZBso3rP8j4Xhb6iSVwPXtAM+sDopl5TFMv5Paw73UnpZJ9gjcrTE1BXrWt9eQrg=="
    },
    "@hapi/topo": {
      "version": "5.1.0",
      "resolved": "https://registry.npmjs.org/@hapi/topo/-/topo-5.1.0.tgz",
      "integrity": "sha512-foQZKJig7Ob0BMAYBfcJk8d77QtOe7Wo4ox7ff1lQYoNNAb6jwcY1ncdoy2e9wQZzvNy7ODZCYJkK8kzmcAnAg==",
      "requires": {
        "@hapi/hoek": "^9.0.0"
      }
    },
    "@hapi/validate": {
      "version": "1.1.3",
      "resolved": "https://registry.npmjs.org/@hapi/validate/-/validate-1.1.3.tgz",
      "integrity": "sha512-/XMR0N0wjw0Twzq2pQOzPBZlDzkekGcoCtzO314BpIEsbXdYGthQUbxgkGDf4nhk1+IPDAsXqWjMohRQYO06UA==",
      "requires": {
        "@hapi/hoek": "^9.0.0",
        "@hapi/topo": "^5.0.0"
      }
    },
    "@hapi/vise": {
      "version": "4.0.0",
      "resolved": "https://registry.npmjs.org/@hapi/vise/-/vise-4.0.0.tgz",
      "integrity": "sha512-eYyLkuUiFZTer59h+SGy7hUm+qE9p+UemePTHLlIWppEd+wExn3Df5jO04bFQTm7nleF5V8CtuYQYb+VFpZ6Sg==",
      "requires": {
        "@hapi/hoek": "9.x.x"
      }
    },
    "@hapi/vision": {
      "version": "6.1.0",
      "resolved": "https://registry.npmjs.org/@hapi/vision/-/vision-6.1.0.tgz",
      "integrity": "sha512-ll0zJ13xDxCYIWvC1aq/8srK0bTXfqZYGT+YoTi/fS42gYYJ3dnvmS35r8T8XXtJ6F6cmya8G2cRlMR/z11LQw==",
      "requires": {
        "@hapi/boom": "9.x.x",
        "@hapi/bounce": "2.x.x",
        "@hapi/hoek": "9.x.x",
        "@hapi/validate": "1.x.x"
      }
    },
    "@hapi/wreck": {
      "version": "17.2.0",
      "resolved": "https://registry.npmjs.org/@hapi/wreck/-/wreck-17.2.0.tgz",
      "integrity": "sha512-pJ5kjYoRPYDv+eIuiLQqhGon341fr2bNIYZjuotuPJG/3Ilzr/XtI+JAp0A86E2bYfsS3zBPABuS2ICkaXFT8g==",
      "requires": {
        "@hapi/boom": "9.x.x",
        "@hapi/bourne": "2.x.x",
        "@hapi/hoek": "9.x.x"
      }
    },
    "ansi-styles": {
      "version": "4.3.0",
      "resolved": "https://registry.npmjs.org/ansi-styles/-/ansi-styles-4.3.0.tgz",
      "integrity": "sha512-zbB9rCJAT1rbjiVDb2hqKFHNYLxgtk8NURxZ3IZwD3F6NtxbXZQCnnSi1Lkx+IDohdPlFp222wVALIheZJQSEg==",
      "requires": {
        "color-convert": "^2.0.1"
      }
    },
    "async": {
      "version": "3.2.3",
      "resolved": "https://registry.npmjs.org/async/-/async-3.2.3.tgz",
      "integrity": "sha512-spZRyzKL5l5BZQrr/6m/SqFdBN0q3OCI0f9rjfBzCMBIP4p75P620rR3gTmaksNOhmzgdxcaxdNfMy6anrbM0g=="
    },
    "balanced-match": {
      "version": "1.0.2",
      "resolved": "https://registry.npmjs.org/balanced-match/-/balanced-match-1.0.2.tgz",
      "integrity": "sha512-3oSeUO0TMV67hN1AmbXsK4yaqU7tjiHlbxRDZOpH0KW9+CeX4bRAaX0Anxt0tx2MrpRpWwQaPwIlISEJhYU5Pw=="
    },
    "brace-expansion": {
      "version": "1.1.11",
      "resolved": "https://registry.npmjs.org/brace-expansion/-/brace-expansion-1.1.11.tgz",
      "integrity": "sha512-iCuPHDFgrHX7H2vEI/5xpz07zSHB00TpugqhmYtVmMO6518mCuRMoOYFldEBl0g187ufozdaHgWKcYFb61qGiA==",
      "requires": {
        "balanced-match": "^1.0.0",
        "concat-map": "0.0.1"
      }
    },
    "chalk": {
      "version": "4.1.2",
      "resolved": "https://registry.npmjs.org/chalk/-/chalk-4.1.2.tgz",
      "integrity": "sha512-oKnbhFyRIXpUuez8iBMmyEa4nbj4IOQyuhc/wy9kY7/WVPcwIO9VA668Pu8RkO7+0G76SLROeyw9CpQ061i4mA==",
      "requires": {
        "ansi-styles": "^4.1.0",
        "supports-color": "^7.1.0"
      }
    },
    "color-convert": {
      "version": "2.0.1",
      "resolved": "https://registry.npmjs.org/color-convert/-/color-convert-2.0.1.tgz",
      "integrity": "sha512-RRECPsj7iu/xb5oKYcsFHSppFNnsj/52OVTRKb4zP5onXwVF3zVmmToNcOfGC+CRDpfK/U584fMg38ZHCaElKQ==",
      "requires": {
        "color-name": "~1.1.4"
      }
    },
    "color-name": {
      "version": "1.1.4",
      "resolved": "https://registry.npmjs.org/color-name/-/color-name-1.1.4.tgz",
      "integrity": "sha512-dOy+3AuW3a2wNbZHIuMZpTcgjGuLU/uBL/ubcZF9OXbDo8ff4O8yVp5Bf0efS8uEoYo5q4Fx7dY9OgQGXgAsQA=="
    },
    "concat-map": {
      "version": "0.0.1",
      "resolved": "https://registry.npmjs.org/concat-map/-/concat-map-0.0.1.tgz",
      "integrity": "sha1-2Klr13/Wjfd5OnMDajug1UBdR3s="
    },
    "ejs": {
      "version": "3.1.7",
      "resolved": "https://registry.npmjs.org/ejs/-/ejs-3.1.7.tgz",
      "integrity": "sha512-BIar7R6abbUxDA3bfXrO4DSgwo8I+fB5/1zgujl3HLLjwd6+9iOnrT+t3grn2qbk9vOgBubXOFwX2m9axoFaGw==",
      "requires": {
        "jake": "^10.8.5"
      }
    },
    "filelist": {
      "version": "1.0.3",
      "resolved": "https://registry.npmjs.org/filelist/-/filelist-1.0.3.tgz",
      "integrity": "sha512-LwjCsruLWQULGYKy7TX0OPtrL9kLpojOFKc5VCTxdFTV7w5zbsgqVKfnkKG7Qgjtq50gKfO56hJv88OfcGb70Q==",
      "requires": {
        "minimatch": "^5.0.1"
      },
      "dependencies": {
        "brace-expansion": {
          "version": "2.0.1",
          "resolved": "https://registry.npmjs.org/brace-expansion/-/brace-expansion-2.0.1.tgz",
          "integrity": "sha512-XnAIvQ8eM+kC6aULx6wuQiwVsnzsi9d3WxzV3FpWTGA19F621kwdbsAcFKXgKUHZWsy+mY6iL1sHTxWEFCytDA==",
          "requires": {
            "balanced-match": "^1.0.0"
          }
        },
        "minimatch": {
          "version": "5.0.1",
          "resolved": "https://registry.npmjs.org/minimatch/-/minimatch-5.0.1.tgz",
          "integrity": "sha512-nLDxIFRyhDblz3qMuq+SoRZED4+miJ/G+tdDrjkkkRnjAsBexeGpgjLEQ0blJy7rHhR2b93rhQY4SvyWu9v03g==",
          "requires": {
            "brace-expansion": "^2.0.1"
          }
        }
      }
    },
    "has-flag": {
      "version": "4.0.0",
      "resolved": "https://registry.npmjs.org/has-flag/-/has-flag-4.0.0.tgz",
      "integrity": "sha512-EykJT/Q1KjTWctppgIAgfSO0tKVuZUjhgMr17kqTumMl6Afv3EISleU7qZUzoXDFTAHTDC4NOoG/ZxU3EvlMPQ=="
    },
    "jake": {
      "version": "10.8.5",
      "resolved": "https://registry.npmjs.org/jake/-/jake-10.8.5.tgz",
      "integrity": "sha512-sVpxYeuAhWt0OTWITwT98oyV0GsXyMlXCF+3L1SuafBVUIr/uILGRB+NqwkzhgXKvoJpDIpQvqkUALgdmQsQxw==",
      "requires": {
        "async": "^3.2.3",
        "chalk": "^4.0.2",
        "filelist": "^1.0.1",
        "minimatch": "^3.0.4"
      }
    },
    "mime-db": {
      "version": "1.52.0",
      "resolved": "https://registry.npmjs.org/mime-db/-/mime-db-1.52.0.tgz",
      "integrity": "sha512-sPU4uV7dYlvtWJxwwxHD0PuihVNiE7TyAbQ5SWxDCB9mUYvOgroQOwYQQOKPJ8CIbE+1ETVlOoK1UC2nU3gYvg=="
    },
    "minimatch": {
      "version": "3.1.2",
      "resolved": "https://registry.npmjs.org/minimatch/-/minimatch-3.1.2.tgz",
      "integrity": "sha512-J7p63hRiAjw1NDEww1W7i37+ByIrOWO5XQQAzZ3VOcL0PNybwpfmV/N05zFAzwQ9USyEcX6t3UO+K5aqBQOIHw==",
      "requires": {
        "brace-expansion": "^1.1.7"
      }
    },
    "supports-color": {
      "version": "7.2.0",
      "resolved": "https://registry.npmjs.org/supports-color/-/supports-color-7.2.0.tgz",
      "integrity": "sha512-qpCAvRl9stuOHveKsn7HncJRvv501qIacKzQlO/+Lwxc9+0q2wLyv4Dfvt80/DPn2pqOBsJdDiogXGR9+OvwRw==",
      "requires": {
        "has-flag": "^4.0.0"
      }
    }
  }
}
